// !$*UTF8*$!
{
	archiveVersion = 1;
	classes = {
	};
	objectVersion = 50;
	objects = {

/* Begin PBXBuildFile section */
		0B2AAF5651DD8D3D0CF19130 /* Pods_ExampleCoinList_ExampleCoinListUITests.framework in Frameworks */ = {isa = PBXBuildFile; fileRef = 6F02DE68F9F3A23C558C0FE7 /* Pods_ExampleCoinList_ExampleCoinListUITests.framework */; };
		42B0B33C72A3FE24FE287E06 /* Pods_ExampleCoinListTests.framework in Frameworks */ = {isa = PBXBuildFile; fileRef = FB3919B480DC709BB19FCF70 /* Pods_ExampleCoinListTests.framework */; };
		7993589934FCD3988281C8A9 /* Pods_ExampleCoinList.framework in Frameworks */ = {isa = PBXBuildFile; fileRef = 05919938FF483FF0C4888797 /* Pods_ExampleCoinList.framework */; };
		9DE885E826290DED00219846 /* AppDelegate.swift in Sources */ = {isa = PBXBuildFile; fileRef = 9DE885E726290DED00219846 /* AppDelegate.swift */; };
		9DE885EA26290DED00219846 /* SceneDelegate.swift in Sources */ = {isa = PBXBuildFile; fileRef = 9DE885E926290DED00219846 /* SceneDelegate.swift */; };
		9DE885EC26290DED00219846 /* ViewController.swift in Sources */ = {isa = PBXBuildFile; fileRef = 9DE885EB26290DED00219846 /* ViewController.swift */; };
		9DE885EF26290DED00219846 /* Main.storyboard in Resources */ = {isa = PBXBuildFile; fileRef = 9DE885ED26290DED00219846 /* Main.storyboard */; };
		9DE885F226290DED00219846 /* ExampleCoinList.xcdatamodeld in Sources */ = {isa = PBXBuildFile; fileRef = 9DE885F026290DED00219846 /* ExampleCoinList.xcdatamodeld */; };
		9DE885F426290DEF00219846 /* Assets.xcassets in Resources */ = {isa = PBXBuildFile; fileRef = 9DE885F326290DEF00219846 /* Assets.xcassets */; };
		9DE885F726290DEF00219846 /* LaunchScreen.storyboard in Resources */ = {isa = PBXBuildFile; fileRef = 9DE885F526290DEF00219846 /* LaunchScreen.storyboard */; };
		9DE8860226290DEF00219846 /* ExampleCoinListTests.swift in Sources */ = {isa = PBXBuildFile; fileRef = 9DE8860126290DEF00219846 /* ExampleCoinListTests.swift */; };
		9DE8860D26290DEF00219846 /* ExampleCoinListUITests.swift in Sources */ = {isa = PBXBuildFile; fileRef = 9DE8860C26290DEF00219846 /* ExampleCoinListUITests.swift */; };
/* End PBXBuildFile section */

/* Begin PBXContainerItemProxy section */
		9DE885FE26290DEF00219846 /* PBXContainerItemProxy */ = {
			isa = PBXContainerItemProxy;
			containerPortal = 9DE885DC26290DED00219846 /* Project object */;
			proxyType = 1;
			remoteGlobalIDString = 9DE885E326290DED00219846;
			remoteInfo = ExampleCoinList;
		};
		9DE8860926290DEF00219846 /* PBXContainerItemProxy */ = {
			isa = PBXContainerItemProxy;
			containerPortal = 9DE885DC26290DED00219846 /* Project object */;
			proxyType = 1;
			remoteGlobalIDString = 9DE885E326290DED00219846;
			remoteInfo = ExampleCoinList;
		};
/* End PBXContainerItemProxy section */

/* Begin PBXFileReference section */
		05919938FF483FF0C4888797 /* Pods_ExampleCoinList.framework */ = {isa = PBXFileReference; explicitFileType = wrapper.framework; includeInIndex = 0; path = Pods_ExampleCoinList.framework; sourceTree = BUILT_PRODUCTS_DIR; };
		22FD7443A5C8D1556812826E /* Pods-ExampleCoinList-ExampleCoinListUITests.release.xcconfig */ = {isa = PBXFileReference; includeInIndex = 1; lastKnownFileType = text.xcconfig; name = "Pods-ExampleCoinList-ExampleCoinListUITests.release.xcconfig"; path = "Target Support Files/Pods-ExampleCoinList-ExampleCoinListUITests/Pods-ExampleCoinList-ExampleCoinListUITests.release.xcconfig"; sourceTree = "<group>"; };
		2CC5EA9E7B224EB3D22F3C37 /* Pods-ExampleCoinList.debug.xcconfig */ = {isa = PBXFileReference; includeInIndex = 1; lastKnownFileType = text.xcconfig; name = "Pods-ExampleCoinList.debug.xcconfig"; path = "Target Support Files/Pods-ExampleCoinList/Pods-ExampleCoinList.debug.xcconfig"; sourceTree = "<group>"; };
		6A028CF683F2B67E394DF03C /* Pods-ExampleCoinListTests.debug.xcconfig */ = {isa = PBXFileReference; includeInIndex = 1; lastKnownFileType = text.xcconfig; name = "Pods-ExampleCoinListTests.debug.xcconfig"; path = "Target Support Files/Pods-ExampleCoinListTests/Pods-ExampleCoinListTests.debug.xcconfig"; sourceTree = "<group>"; };
		6F02DE68F9F3A23C558C0FE7 /* Pods_ExampleCoinList_ExampleCoinListUITests.framework */ = {isa = PBXFileReference; explicitFileType = wrapper.framework; includeInIndex = 0; path = Pods_ExampleCoinList_ExampleCoinListUITests.framework; sourceTree = BUILT_PRODUCTS_DIR; };
		89DCE7378C143409226A175B /* Pods-ExampleCoinList.release.xcconfig */ = {isa = PBXFileReference; includeInIndex = 1; lastKnownFileType = text.xcconfig; name = "Pods-ExampleCoinList.release.xcconfig"; path = "Target Support Files/Pods-ExampleCoinList/Pods-ExampleCoinList.release.xcconfig"; sourceTree = "<group>"; };
		9B21040437B630EF0D655ADE /* Pods-ExampleCoinListTests.release.xcconfig */ = {isa = PBXFileReference; includeInIndex = 1; lastKnownFileType = text.xcconfig; name = "Pods-ExampleCoinListTests.release.xcconfig"; path = "Target Support Files/Pods-ExampleCoinListTests/Pods-ExampleCoinListTests.release.xcconfig"; sourceTree = "<group>"; };
		9DE885E426290DED00219846 /* ExampleCoinList.app */ = {isa = PBXFileReference; explicitFileType = wrapper.application; includeInIndex = 0; path = ExampleCoinList.app; sourceTree = BUILT_PRODUCTS_DIR; };
		9DE885E726290DED00219846 /* AppDelegate.swift */ = {isa = PBXFileReference; lastKnownFileType = sourcecode.swift; path = AppDelegate.swift; sourceTree = "<group>"; };
		9DE885E926290DED00219846 /* SceneDelegate.swift */ = {isa = PBXFileReference; lastKnownFileType = sourcecode.swift; path = SceneDelegate.swift; sourceTree = "<group>"; };
		9DE885EB26290DED00219846 /* ViewController.swift */ = {isa = PBXFileReference; lastKnownFileType = sourcecode.swift; path = ViewController.swift; sourceTree = "<group>"; };
		9DE885EE26290DED00219846 /* Base */ = {isa = PBXFileReference; lastKnownFileType = file.storyboard; name = Base; path = Base.lproj/Main.storyboard; sourceTree = "<group>"; };
		9DE885F126290DED00219846 /* ExampleCoinList.xcdatamodel */ = {isa = PBXFileReference; lastKnownFileType = wrapper.xcdatamodel; path = ExampleCoinList.xcdatamodel; sourceTree = "<group>"; };
		9DE885F326290DEF00219846 /* Assets.xcassets */ = {isa = PBXFileReference; lastKnownFileType = folder.assetcatalog; path = Assets.xcassets; sourceTree = "<group>"; };
		9DE885F626290DEF00219846 /* Base */ = {isa = PBXFileReference; lastKnownFileType = file.storyboard; name = Base; path = Base.lproj/LaunchScreen.storyboard; sourceTree = "<group>"; };
		9DE885F826290DEF00219846 /* Info.plist */ = {isa = PBXFileReference; lastKnownFileType = text.plist.xml; path = Info.plist; sourceTree = "<group>"; };
		9DE885FD26290DEF00219846 /* ExampleCoinListTests.xctest */ = {isa = PBXFileReference; explicitFileType = wrapper.cfbundle; includeInIndex = 0; path = ExampleCoinListTests.xctest; sourceTree = BUILT_PRODUCTS_DIR; };
		9DE8860126290DEF00219846 /* ExampleCoinListTests.swift */ = {isa = PBXFileReference; lastKnownFileType = sourcecode.swift; path = ExampleCoinListTests.swift; sourceTree = "<group>"; };
		9DE8860326290DEF00219846 /* Info.plist */ = {isa = PBXFileReference; lastKnownFileType = text.plist.xml; path = Info.plist; sourceTree = "<group>"; };
		9DE8860826290DEF00219846 /* ExampleCoinListUITests.xctest */ = {isa = PBXFileReference; explicitFileType = wrapper.cfbundle; includeInIndex = 0; path = ExampleCoinListUITests.xctest; sourceTree = BUILT_PRODUCTS_DIR; };
		9DE8860C26290DEF00219846 /* ExampleCoinListUITests.swift */ = {isa = PBXFileReference; lastKnownFileType = sourcecode.swift; path = ExampleCoinListUITests.swift; sourceTree = "<group>"; };
		9DE8860E26290DEF00219846 /* Info.plist */ = {isa = PBXFileReference; lastKnownFileType = text.plist.xml; path = Info.plist; sourceTree = "<group>"; };
		A7924A4673FE5D1CD7974BBE /* Pods-ExampleCoinList-ExampleCoinListUITests.debug.xcconfig */ = {isa = PBXFileReference; includeInIndex = 1; lastKnownFileType = text.xcconfig; name = "Pods-ExampleCoinList-ExampleCoinListUITests.debug.xcconfig"; path = "Target Support Files/Pods-ExampleCoinList-ExampleCoinListUITests/Pods-ExampleCoinList-ExampleCoinListUITests.debug.xcconfig"; sourceTree = "<group>"; };
		FB3919B480DC709BB19FCF70 /* Pods_ExampleCoinListTests.framework */ = {isa = PBXFileReference; explicitFileType = wrapper.framework; includeInIndex = 0; path = Pods_ExampleCoinListTests.framework; sourceTree = BUILT_PRODUCTS_DIR; };
/* End PBXFileReference section */

/* Begin PBXFrameworksBuildPhase section */
		9DE885E126290DED00219846 /* Frameworks */ = {
			isa = PBXFrameworksBuildPhase;
			buildActionMask = 2147483647;
			files = (
				7993589934FCD3988281C8A9 /* Pods_ExampleCoinList.framework in Frameworks */,
			);
			runOnlyForDeploymentPostprocessing = 0;
		};
		9DE885FA26290DEF00219846 /* Frameworks */ = {
			isa = PBXFrameworksBuildPhase;
			buildActionMask = 2147483647;
			files = (
				42B0B33C72A3FE24FE287E06 /* Pods_ExampleCoinListTests.framework in Frameworks */,
			);
			runOnlyForDeploymentPostprocessing = 0;
		};
		9DE8860526290DEF00219846 /* Frameworks */ = {
			isa = PBXFrameworksBuildPhase;
			buildActionMask = 2147483647;
			files = (
				0B2AAF5651DD8D3D0CF19130 /* Pods_ExampleCoinList_ExampleCoinListUITests.framework in Frameworks */,
			);
			runOnlyForDeploymentPostprocessing = 0;
		};
/* End PBXFrameworksBuildPhase section */

/* Begin PBXGroup section */
		0D16B6B6EF590A690817C984 /* Pods */ = {
			isa = PBXGroup;
			children = (
				2CC5EA9E7B224EB3D22F3C37 /* Pods-ExampleCoinList.debug.xcconfig */,
				89DCE7378C143409226A175B /* Pods-ExampleCoinList.release.xcconfig */,
				A7924A4673FE5D1CD7974BBE /* Pods-ExampleCoinList-ExampleCoinListUITests.debug.xcconfig */,
				22FD7443A5C8D1556812826E /* Pods-ExampleCoinList-ExampleCoinListUITests.release.xcconfig */,
				6A028CF683F2B67E394DF03C /* Pods-ExampleCoinListTests.debug.xcconfig */,
				9B21040437B630EF0D655ADE /* Pods-ExampleCoinListTests.release.xcconfig */,
			);
			name = Pods;
			path = Pods;
			sourceTree = "<group>";
		};
		625803024AD2D712E28E5E7A /* Frameworks */ = {
			isa = PBXGroup;
			children = (
				05919938FF483FF0C4888797 /* Pods_ExampleCoinList.framework */,
				6F02DE68F9F3A23C558C0FE7 /* Pods_ExampleCoinList_ExampleCoinListUITests.framework */,
				FB3919B480DC709BB19FCF70 /* Pods_ExampleCoinListTests.framework */,
			);
			name = Frameworks;
			sourceTree = "<group>";
		};
		9DE885DB26290DED00219846 = {
			isa = PBXGroup;
			children = (
				9DE885E626290DED00219846 /* ExampleCoinList */,
				9DE8860026290DEF00219846 /* ExampleCoinListTests */,
				9DE8860B26290DEF00219846 /* ExampleCoinListUITests */,
				9DE885E526290DED00219846 /* Products */,
				0D16B6B6EF590A690817C984 /* Pods */,
				625803024AD2D712E28E5E7A /* Frameworks */,
			);
			sourceTree = "<group>";
		};
		9DE885E526290DED00219846 /* Products */ = {
			isa = PBXGroup;
			children = (
				9DE885E426290DED00219846 /* ExampleCoinList.app */,
				9DE885FD26290DEF00219846 /* ExampleCoinListTests.xctest */,
				9DE8860826290DEF00219846 /* ExampleCoinListUITests.xctest */,
			);
			name = Products;
			sourceTree = "<group>";
		};
		9DE885E626290DED00219846 /* ExampleCoinList */ = {
			isa = PBXGroup;
			children = (
				9DE885E726290DED00219846 /* AppDelegate.swift */,
				9DE885E926290DED00219846 /* SceneDelegate.swift */,
				9DE885EB26290DED00219846 /* ViewController.swift */,
				9DE885ED26290DED00219846 /* Main.storyboard */,
				9DE885F326290DEF00219846 /* Assets.xcassets */,
				9DE885F526290DEF00219846 /* LaunchScreen.storyboard */,
				9DE885F826290DEF00219846 /* Info.plist */,
				9DE885F026290DED00219846 /* ExampleCoinList.xcdatamodeld */,
			);
			path = ExampleCoinList;
			sourceTree = "<group>";
		};
		9DE8860026290DEF00219846 /* ExampleCoinListTests */ = {
			isa = PBXGroup;
			children = (
				9DE8860126290DEF00219846 /* ExampleCoinListTests.swift */,
				9DE8860326290DEF00219846 /* Info.plist */,
			);
			path = ExampleCoinListTests;
			sourceTree = "<group>";
		};
		9DE8860B26290DEF00219846 /* ExampleCoinListUITests */ = {
			isa = PBXGroup;
			children = (
				9DE8860C26290DEF00219846 /* ExampleCoinListUITests.swift */,
				9DE8860E26290DEF00219846 /* Info.plist */,
			);
			path = ExampleCoinListUITests;
			sourceTree = "<group>";
		};
/* End PBXGroup section */

/* Begin PBXNativeTarget section */
		9DE885E326290DED00219846 /* ExampleCoinList */ = {
			isa = PBXNativeTarget;
			buildConfigurationList = 9DE8861126290DEF00219846 /* Build configuration list for PBXNativeTarget "ExampleCoinList" */;
			buildPhases = (
				C823252CB4C24B0B0509FF15 /* [CP] Check Pods Manifest.lock */,
				9DE885E026290DED00219846 /* Sources */,
				9DE885E126290DED00219846 /* Frameworks */,
				9DE885E226290DED00219846 /* Resources */,
				63E4E89597028AD2FBD8AD9B /* [CP] Embed Pods Frameworks */,
			);
			buildRules = (
			);
			dependencies = (
			);
			name = ExampleCoinList;
			productName = ExampleCoinList;
			productReference = 9DE885E426290DED00219846 /* ExampleCoinList.app */;
			productType = "com.apple.product-type.application";
		};
		9DE885FC26290DEF00219846 /* ExampleCoinListTests */ = {
			isa = PBXNativeTarget;
			buildConfigurationList = 9DE8861426290DEF00219846 /* Build configuration list for PBXNativeTarget "ExampleCoinListTests" */;
			buildPhases = (
				E421B3E1077FD0D3E68EE069 /* [CP] Check Pods Manifest.lock */,
				9DE885F926290DEF00219846 /* Sources */,
				9DE885FA26290DEF00219846 /* Frameworks */,
				9DE885FB26290DEF00219846 /* Resources */,
			);
			buildRules = (
			);
			dependencies = (
				9DE885FF26290DEF00219846 /* PBXTargetDependency */,
			);
			name = ExampleCoinListTests;
			productName = ExampleCoinListTests;
			productReference = 9DE885FD26290DEF00219846 /* ExampleCoinListTests.xctest */;
			productType = "com.apple.product-type.bundle.unit-test";
		};
		9DE8860726290DEF00219846 /* ExampleCoinListUITests */ = {
			isa = PBXNativeTarget;
			buildConfigurationList = 9DE8861726290DEF00219846 /* Build configuration list for PBXNativeTarget "ExampleCoinListUITests" */;
			buildPhases = (
				D7C371A97DF3B2B494161129 /* [CP] Check Pods Manifest.lock */,
				9DE8860426290DEF00219846 /* Sources */,
				9DE8860526290DEF00219846 /* Frameworks */,
				9DE8860626290DEF00219846 /* Resources */,
				54B8115BE27C62FC2751502E /* [CP] Embed Pods Frameworks */,
			);
			buildRules = (
			);
			dependencies = (
				9DE8860A26290DEF00219846 /* PBXTargetDependency */,
			);
			name = ExampleCoinListUITests;
			productName = ExampleCoinListUITests;
			productReference = 9DE8860826290DEF00219846 /* ExampleCoinListUITests.xctest */;
			productType = "com.apple.product-type.bundle.ui-testing";
		};
/* End PBXNativeTarget section */

/* Begin PBXProject section */
		9DE885DC26290DED00219846 /* Project object */ = {
			isa = PBXProject;
			attributes = {
				LastSwiftUpdateCheck = 1240;
				LastUpgradeCheck = 1240;
				TargetAttributes = {
					9DE885E326290DED00219846 = {
						CreatedOnToolsVersion = 12.4;
					};
					9DE885FC26290DEF00219846 = {
						CreatedOnToolsVersion = 12.4;
						TestTargetID = 9DE885E326290DED00219846;
					};
					9DE8860726290DEF00219846 = {
						CreatedOnToolsVersion = 12.4;
						TestTargetID = 9DE885E326290DED00219846;
					};
				};
			};
			buildConfigurationList = 9DE885DF26290DED00219846 /* Build configuration list for PBXProject "ExampleCoinList" */;
			compatibilityVersion = "Xcode 9.3";
			developmentRegion = en;
			hasScannedForEncodings = 0;
			knownRegions = (
				en,
				Base,
			);
			mainGroup = 9DE885DB26290DED00219846;
			productRefGroup = 9DE885E526290DED00219846 /* Products */;
			projectDirPath = "";
			projectRoot = "";
			targets = (
				9DE885E326290DED00219846 /* ExampleCoinList */,
				9DE885FC26290DEF00219846 /* ExampleCoinListTests */,
				9DE8860726290DEF00219846 /* ExampleCoinListUITests */,
			);
		};
/* End PBXProject section */

/* Begin PBXResourcesBuildPhase section */
		9DE885E226290DED00219846 /* Resources */ = {
			isa = PBXResourcesBuildPhase;
			buildActionMask = 2147483647;
			files = (
				9DE885F726290DEF00219846 /* LaunchScreen.storyboard in Resources */,
				9DE885F426290DEF00219846 /* Assets.xcassets in Resources */,
				9DE885EF26290DED00219846 /* Main.storyboard in Resources */,
			);
			runOnlyForDeploymentPostprocessing = 0;
		};
		9DE885FB26290DEF00219846 /* Resources */ = {
			isa = PBXResourcesBuildPhase;
			buildActionMask = 2147483647;
			files = (
			);
			runOnlyForDeploymentPostprocessing = 0;
		};
		9DE8860626290DEF00219846 /* Resources */ = {
			isa = PBXResourcesBuildPhase;
			buildActionMask = 2147483647;
			files = (
			);
			runOnlyForDeploymentPostprocessing = 0;
		};
/* End PBXResourcesBuildPhase section */

/* Begin PBXShellScriptBuildPhase section */
		54B8115BE27C62FC2751502E /* [CP] Embed Pods Frameworks */ = {
			isa = PBXShellScriptBuildPhase;
			buildActionMask = 2147483647;
			files = (
			);
			inputFileListPaths = (
				"${PODS_ROOT}/Target Support Files/Pods-ExampleCoinList-ExampleCoinListUITests/Pods-ExampleCoinList-ExampleCoinListUITests-frameworks-${CONFIGURATION}-input-files.xcfilelist",
			);
			name = "[CP] Embed Pods Frameworks";
			outputFileListPaths = (
				"${PODS_ROOT}/Target Support Files/Pods-ExampleCoinList-ExampleCoinListUITests/Pods-ExampleCoinList-ExampleCoinListUITests-frameworks-${CONFIGURATION}-output-files.xcfilelist",
			);
			runOnlyForDeploymentPostprocessing = 0;
			shellPath = /bin/sh;
			shellScript = "\"${PODS_ROOT}/Target Support Files/Pods-ExampleCoinList-ExampleCoinListUITests/Pods-ExampleCoinList-ExampleCoinListUITests-frameworks.sh\"\n";
			showEnvVarsInLog = 0;
		};
		63E4E89597028AD2FBD8AD9B /* [CP] Embed Pods Frameworks */ = {
			isa = PBXShellScriptBuildPhase;
			buildActionMask = 2147483647;
			files = (
			);
			inputFileListPaths = (
				"${PODS_ROOT}/Target Support Files/Pods-ExampleCoinList/Pods-ExampleCoinList-frameworks-${CONFIGURATION}-input-files.xcfilelist",
			);
			name = "[CP] Embed Pods Frameworks";
			outputFileListPaths = (
				"${PODS_ROOT}/Target Support Files/Pods-ExampleCoinList/Pods-ExampleCoinList-frameworks-${CONFIGURATION}-output-files.xcfilelist",
			);
			runOnlyForDeploymentPostprocessing = 0;
			shellPath = /bin/sh;
			shellScript = "\"${PODS_ROOT}/Target Support Files/Pods-ExampleCoinList/Pods-ExampleCoinList-frameworks.sh\"\n";
			showEnvVarsInLog = 0;
		};
		C823252CB4C24B0B0509FF15 /* [CP] Check Pods Manifest.lock */ = {
			isa = PBXShellScriptBuildPhase;
			buildActionMask = 2147483647;
			files = (
			);
			inputFileListPaths = (
			);
			inputPaths = (
				"${PODS_PODFILE_DIR_PATH}/Podfile.lock",
				"${PODS_ROOT}/Manifest.lock",
			);
			name = "[CP] Check Pods Manifest.lock";
			outputFileListPaths = (
			);
			outputPaths = (
				"$(DERIVED_FILE_DIR)/Pods-ExampleCoinList-checkManifestLockResult.txt",
			);
			runOnlyForDeploymentPostprocessing = 0;
			shellPath = /bin/sh;
			shellScript = "diff \"${PODS_PODFILE_DIR_PATH}/Podfile.lock\" \"${PODS_ROOT}/Manifest.lock\" > /dev/null\nif [ $? != 0 ] ; then\n    # print error to STDERR\n    echo \"error: The sandbox is not in sync with the Podfile.lock. Run 'pod install' or update your CocoaPods installation.\" >&2\n    exit 1\nfi\n# This output is used by Xcode 'outputs' to avoid re-running this script phase.\necho \"SUCCESS\" > \"${SCRIPT_OUTPUT_FILE_0}\"\n";
			showEnvVarsInLog = 0;
		};
		D7C371A97DF3B2B494161129 /* [CP] Check Pods Manifest.lock */ = {
			isa = PBXShellScriptBuildPhase;
			buildActionMask = 2147483647;
			files = (
			);
			inputFileListPaths = (
			);
			inputPaths = (
				"${PODS_PODFILE_DIR_PATH}/Podfile.lock",
				"${PODS_ROOT}/Manifest.lock",
			);
			name = "[CP] Check Pods Manifest.lock";
			outputFileListPaths = (
			);
			outputPaths = (
				"$(DERIVED_FILE_DIR)/Pods-ExampleCoinList-ExampleCoinListUITests-checkManifestLockResult.txt",
			);
			runOnlyForDeploymentPostprocessing = 0;
			shellPath = /bin/sh;
			shellScript = "diff \"${PODS_PODFILE_DIR_PATH}/Podfile.lock\" \"${PODS_ROOT}/Manifest.lock\" > /dev/null\nif [ $? != 0 ] ; then\n    # print error to STDERR\n    echo \"error: The sandbox is not in sync with the Podfile.lock. Run 'pod install' or update your CocoaPods installation.\" >&2\n    exit 1\nfi\n# This output is used by Xcode 'outputs' to avoid re-running this script phase.\necho \"SUCCESS\" > \"${SCRIPT_OUTPUT_FILE_0}\"\n";
			showEnvVarsInLog = 0;
		};
		E421B3E1077FD0D3E68EE069 /* [CP] Check Pods Manifest.lock */ = {
			isa = PBXShellScriptBuildPhase;
			buildActionMask = 2147483647;
			files = (
			);
			inputFileListPaths = (
			);
			inputPaths = (
				"${PODS_PODFILE_DIR_PATH}/Podfile.lock",
				"${PODS_ROOT}/Manifest.lock",
			);
			name = "[CP] Check Pods Manifest.lock";
			outputFileListPaths = (
			);
			outputPaths = (
				"$(DERIVED_FILE_DIR)/Pods-ExampleCoinListTests-checkManifestLockResult.txt",
			);
			runOnlyForDeploymentPostprocessing = 0;
			shellPath = /bin/sh;
			shellScript = "diff \"${PODS_PODFILE_DIR_PATH}/Podfile.lock\" \"${PODS_ROOT}/Manifest.lock\" > /dev/null\nif [ $? != 0 ] ; then\n    # print error to STDERR\n    echo \"error: The sandbox is not in sync with the Podfile.lock. Run 'pod install' or update your CocoaPods installation.\" >&2\n    exit 1\nfi\n# This output is used by Xcode 'outputs' to avoid re-running this script phase.\necho \"SUCCESS\" > \"${SCRIPT_OUTPUT_FILE_0}\"\n";
			showEnvVarsInLog = 0;
		};
/* End PBXShellScriptBuildPhase section */

/* Begin PBXSourcesBuildPhase section */
		9DE885E026290DED00219846 /* Sources */ = {
			isa = PBXSourcesBuildPhase;
			buildActionMask = 2147483647;
			files = (
				9DE885EC26290DED00219846 /* ViewController.swift in Sources */,
				9DE885F226290DED00219846 /* ExampleCoinList.xcdatamodeld in Sources */,
				9DE885E826290DED00219846 /* AppDelegate.swift in Sources */,
				9DE885EA26290DED00219846 /* SceneDelegate.swift in Sources */,
			);
			runOnlyForDeploymentPostprocessing = 0;
		};
		9DE885F926290DEF00219846 /* Sources */ = {
			isa = PBXSourcesBuildPhase;
			buildActionMask = 2147483647;
			files = (
				9DE8860226290DEF00219846 /* ExampleCoinListTests.swift in Sources */,
			);
			runOnlyForDeploymentPostprocessing = 0;
		};
		9DE8860426290DEF00219846 /* Sources */ = {
			isa = PBXSourcesBuildPhase;
			buildActionMask = 2147483647;
			files = (
				9DE8860D26290DEF00219846 /* ExampleCoinListUITests.swift in Sources */,
			);
			runOnlyForDeploymentPostprocessing = 0;
		};
/* End PBXSourcesBuildPhase section */

/* Begin PBXTargetDependency section */
		9DE885FF26290DEF00219846 /* PBXTargetDependency */ = {
			isa = PBXTargetDependency;
			target = 9DE885E326290DED00219846 /* ExampleCoinList */;
			targetProxy = 9DE885FE26290DEF00219846 /* PBXContainerItemProxy */;
		};
		9DE8860A26290DEF00219846 /* PBXTargetDependency */ = {
			isa = PBXTargetDependency;
			target = 9DE885E326290DED00219846 /* ExampleCoinList */;
			targetProxy = 9DE8860926290DEF00219846 /* PBXContainerItemProxy */;
		};
/* End PBXTargetDependency section */

/* Begin PBXVariantGroup section */
		9DE885ED26290DED00219846 /* Main.storyboard */ = {
			isa = PBXVariantGroup;
			children = (
				9DE885EE26290DED00219846 /* Base */,
			);
			name = Main.storyboard;
			sourceTree = "<group>";
		};
		9DE885F526290DEF00219846 /* LaunchScreen.storyboard */ = {
			isa = PBXVariantGroup;
			children = (
				9DE885F626290DEF00219846 /* Base */,
			);
			name = LaunchScreen.storyboard;
			sourceTree = "<group>";
		};
/* End PBXVariantGroup section */

/* Begin XCBuildConfiguration section */
		9DE8860F26290DEF00219846 /* Debug */ = {
			isa = XCBuildConfiguration;
			buildSettings = {
				ALWAYS_SEARCH_USER_PATHS = NO;
				CLANG_ANALYZER_NONNULL = YES;
				CLANG_ANALYZER_NUMBER_OBJECT_CONVERSION = YES_AGGRESSIVE;
				CLANG_CXX_LANGUAGE_STANDARD = "gnu++14";
				CLANG_CXX_LIBRARY = "libc++";
				CLANG_ENABLE_MODULES = YES;
				CLANG_ENABLE_OBJC_ARC = YES;
				CLANG_ENABLE_OBJC_WEAK = YES;
				CLANG_WARN_BLOCK_CAPTURE_AUTORELEASING = YES;
				CLANG_WARN_BOOL_CONVERSION = YES;
				CLANG_WARN_COMMA = YES;
				CLANG_WARN_CONSTANT_CONVERSION = YES;
				CLANG_WARN_DEPRECATED_OBJC_IMPLEMENTATIONS = YES;
				CLANG_WARN_DIRECT_OBJC_ISA_USAGE = YES_ERROR;
				CLANG_WARN_DOCUMENTATION_COMMENTS = YES;
				CLANG_WARN_EMPTY_BODY = YES;
				CLANG_WARN_ENUM_CONVERSION = YES;
				CLANG_WARN_INFINITE_RECURSION = YES;
				CLANG_WARN_INT_CONVERSION = YES;
				CLANG_WARN_NON_LITERAL_NULL_CONVERSION = YES;
				CLANG_WARN_OBJC_IMPLICIT_RETAIN_SELF = YES;
				CLANG_WARN_OBJC_LITERAL_CONVERSION = YES;
				CLANG_WARN_OBJC_ROOT_CLASS = YES_ERROR;
				CLANG_WARN_QUOTED_INCLUDE_IN_FRAMEWORK_HEADER = YES;
				CLANG_WARN_RANGE_LOOP_ANALYSIS = YES;
				CLANG_WARN_STRICT_PROTOTYPES = YES;
				CLANG_WARN_SUSPICIOUS_MOVE = YES;
				CLANG_WARN_UNGUARDED_AVAILABILITY = YES_AGGRESSIVE;
				CLANG_WARN_UNREACHABLE_CODE = YES;
				CLANG_WARN__DUPLICATE_METHOD_MATCH = YES;
				COPY_PHASE_STRIP = NO;
				DEBUG_INFORMATION_FORMAT = dwarf;
				ENABLE_STRICT_OBJC_MSGSEND = YES;
				ENABLE_TESTABILITY = YES;
				GCC_C_LANGUAGE_STANDARD = gnu11;
				GCC_DYNAMIC_NO_PIC = NO;
				GCC_NO_COMMON_BLOCKS = YES;
				GCC_OPTIMIZATION_LEVEL = 0;
				GCC_PREPROCESSOR_DEFINITIONS = (
					"DEBUG=1",
					"$(inherited)",
				);
				GCC_WARN_64_TO_32_BIT_CONVERSION = YES;
				GCC_WARN_ABOUT_RETURN_TYPE = YES_ERROR;
				GCC_WARN_UNDECLARED_SELECTOR = YES;
				GCC_WARN_UNINITIALIZED_AUTOS = YES_AGGRESSIVE;
				GCC_WARN_UNUSED_FUNCTION = YES;
				GCC_WARN_UNUSED_VARIABLE = YES;
				IPHONEOS_DEPLOYMENT_TARGET = 14.4;
				MTL_ENABLE_DEBUG_INFO = INCLUDE_SOURCE;
				MTL_FAST_MATH = YES;
				ONLY_ACTIVE_ARCH = YES;
				SDKROOT = iphoneos;
				SWIFT_ACTIVE_COMPILATION_CONDITIONS = DEBUG;
				SWIFT_OPTIMIZATION_LEVEL = "-Onone";
			};
			name = Debug;
		};
		9DE8861026290DEF00219846 /* Release */ = {
			isa = XCBuildConfiguration;
			buildSettings = {
				ALWAYS_SEARCH_USER_PATHS = NO;
				CLANG_ANALYZER_NONNULL = YES;
				CLANG_ANALYZER_NUMBER_OBJECT_CONVERSION = YES_AGGRESSIVE;
				CLANG_CXX_LANGUAGE_STANDARD = "gnu++14";
				CLANG_CXX_LIBRARY = "libc++";
				CLANG_ENABLE_MODULES = YES;
				CLANG_ENABLE_OBJC_ARC = YES;
				CLANG_ENABLE_OBJC_WEAK = YES;
				CLANG_WARN_BLOCK_CAPTURE_AUTORELEASING = YES;
				CLANG_WARN_BOOL_CONVERSION = YES;
				CLANG_WARN_COMMA = YES;
				CLANG_WARN_CONSTANT_CONVERSION = YES;
				CLANG_WARN_DEPRECATED_OBJC_IMPLEMENTATIONS = YES;
				CLANG_WARN_DIRECT_OBJC_ISA_USAGE = YES_ERROR;
				CLANG_WARN_DOCUMENTATION_COMMENTS = YES;
				CLANG_WARN_EMPTY_BODY = YES;
				CLANG_WARN_ENUM_CONVERSION = YES;
				CLANG_WARN_INFINITE_RECURSION = YES;
				CLANG_WARN_INT_CONVERSION = YES;
				CLANG_WARN_NON_LITERAL_NULL_CONVERSION = YES;
				CLANG_WARN_OBJC_IMPLICIT_RETAIN_SELF = YES;
				CLANG_WARN_OBJC_LITERAL_CONVERSION = YES;
				CLANG_WARN_OBJC_ROOT_CLASS = YES_ERROR;
				CLANG_WARN_QUOTED_INCLUDE_IN_FRAMEWORK_HEADER = YES;
				CLANG_WARN_RANGE_LOOP_ANALYSIS = YES;
				CLANG_WARN_STRICT_PROTOTYPES = YES;
				CLANG_WARN_SUSPICIOUS_MOVE = YES;
				CLANG_WARN_UNGUARDED_AVAILABILITY = YES_AGGRESSIVE;
				CLANG_WARN_UNREACHABLE_CODE = YES;
				CLANG_WARN__DUPLICATE_METHOD_MATCH = YES;
				COPY_PHASE_STRIP = NO;
				DEBUG_INFORMATION_FORMAT = "dwarf-with-dsym";
				ENABLE_NS_ASSERTIONS = NO;
				ENABLE_STRICT_OBJC_MSGSEND = YES;
				GCC_C_LANGUAGE_STANDARD = gnu11;
				GCC_NO_COMMON_BLOCKS = YES;
				GCC_WARN_64_TO_32_BIT_CONVERSION = YES;
				GCC_WARN_ABOUT_RETURN_TYPE = YES_ERROR;
				GCC_WARN_UNDECLARED_SELECTOR = YES;
				GCC_WARN_UNINITIALIZED_AUTOS = YES_AGGRESSIVE;
				GCC_WARN_UNUSED_FUNCTION = YES;
				GCC_WARN_UNUSED_VARIABLE = YES;
				IPHONEOS_DEPLOYMENT_TARGET = 14.4;
				MTL_ENABLE_DEBUG_INFO = NO;
				MTL_FAST_MATH = YES;
				SDKROOT = iphoneos;
				SWIFT_COMPILATION_MODE = wholemodule;
				SWIFT_OPTIMIZATION_LEVEL = "-O";
				VALIDATE_PRODUCT = YES;
			};
			name = Release;
		};
		9DE8861226290DEF00219846 /* Debug */ = {
			isa = XCBuildConfiguration;
			baseConfigurationReference = 2CC5EA9E7B224EB3D22F3C37 /* Pods-ExampleCoinList.debug.xcconfig */;
			buildSettings = {
				ASSETCATALOG_COMPILER_APPICON_NAME = AppIcon;
				ASSETCATALOG_COMPILER_GLOBAL_ACCENT_COLOR_NAME = AccentColor;
				CODE_SIGN_STYLE = Automatic;
				DEVELOPMENT_TEAM = AR7T5G5Z83;
				INFOPLIST_FILE = ExampleCoinList/Info.plist;
				LD_RUNPATH_SEARCH_PATHS = (
					"$(inherited)",
					"@executable_path/Frameworks",
				);
				PRODUCT_BUNDLE_IDENTIFIER = com.lucaswkuipers.ExampleCoinList;
				PRODUCT_NAME = "$(TARGET_NAME)";
				SWIFT_VERSION = 5.0;
				TARGETED_DEVICE_FAMILY = "1,2";
			};
			name = Debug;
		};
		9DE8861326290DEF00219846 /* Release */ = {
			isa = XCBuildConfiguration;
			baseConfigurationReference = 89DCE7378C143409226A175B /* Pods-ExampleCoinList.release.xcconfig */;
			buildSettings = {
				ASSETCATALOG_COMPILER_APPICON_NAME = AppIcon;
				ASSETCATALOG_COMPILER_GLOBAL_ACCENT_COLOR_NAME = AccentColor;
				CODE_SIGN_STYLE = Automatic;
				DEVELOPMENT_TEAM = AR7T5G5Z83;
				INFOPLIST_FILE = ExampleCoinList/Info.plist;
				LD_RUNPATH_SEARCH_PATHS = (
					"$(inherited)",
					"@executable_path/Frameworks",
				);
				PRODUCT_BUNDLE_IDENTIFIER = com.lucaswkuipers.ExampleCoinList;
				PRODUCT_NAME = "$(TARGET_NAME)";
				SWIFT_VERSION = 5.0;
				TARGETED_DEVICE_FAMILY = "1,2";
			};
			name = Release;
		};
		9DE8861526290DEF00219846 /* Debug */ = {
			isa = XCBuildConfiguration;
			baseConfigurationReference = 6A028CF683F2B67E394DF03C /* Pods-ExampleCoinListTests.debug.xcconfig */;
			buildSettings = {
				ALWAYS_EMBED_SWIFT_STANDARD_LIBRARIES = YES;
				BUNDLE_LOADER = "$(TEST_HOST)";
				CODE_SIGN_STYLE = Automatic;
				DEVELOPMENT_TEAM = AR7T5G5Z83;
				INFOPLIST_FILE = ExampleCoinListTests/Info.plist;
				IPHONEOS_DEPLOYMENT_TARGET = 14.4;
				LD_RUNPATH_SEARCH_PATHS = (
					"$(inherited)",
					"@executable_path/Frameworks",
					"@loader_path/Frameworks",
				);
				PRODUCT_BUNDLE_IDENTIFIER = com.lucaswkuipers.ExampleCoinListTests;
				PRODUCT_NAME = "$(TARGET_NAME)";
				SWIFT_VERSION = 5.0;
				TARGETED_DEVICE_FAMILY = "1,2";
				TEST_HOST = "$(BUILT_PRODUCTS_DIR)/ExampleCoinList.app/ExampleCoinList";
			};
			name = Debug;
		};
		9DE8861626290DEF00219846 /* Release */ = {
			isa = XCBuildConfiguration;
			baseConfigurationReference = 9B21040437B630EF0D655ADE /* Pods-ExampleCoinListTests.release.xcconfig */;
			buildSettings = {
				ALWAYS_EMBED_SWIFT_STANDARD_LIBRARIES = YES;
				BUNDLE_LOADER = "$(TEST_HOST)";
				CODE_SIGN_STYLE = Automatic;
				DEVELOPMENT_TEAM = AR7T5G5Z83;
				INFOPLIST_FILE = ExampleCoinListTests/Info.plist;
				IPHONEOS_DEPLOYMENT_TARGET = 14.4;
				LD_RUNPATH_SEARCH_PATHS = (
					"$(inherited)",
					"@executable_path/Frameworks",
					"@loader_path/Frameworks",
				);
				PRODUCT_BUNDLE_IDENTIFIER = com.lucaswkuipers.ExampleCoinListTests;
				PRODUCT_NAME = "$(TARGET_NAME)";
				SWIFT_VERSION = 5.0;
				TARGETED_DEVICE_FAMILY = "1,2";
				TEST_HOST = "$(BUILT_PRODUCTS_DIR)/ExampleCoinList.app/ExampleCoinList";
			};
			name = Release;
		};
		9DE8861826290DEF00219846 /* Debug */ = {
			isa = XCBuildConfiguration;
			baseConfigurationReference = A7924A4673FE5D1CD7974BBE /* Pods-ExampleCoinList-ExampleCoinListUITests.debug.xcconfig */;
			buildSettings = {
				ALWAYS_EMBED_SWIFT_STANDARD_LIBRARIES = YES;
				CODE_SIGN_STYLE = Automatic;
				DEVELOPMENT_TEAM = AR7T5G5Z83;
				INFOPLIST_FILE = ExampleCoinListUITests/Info.plist;
				LD_RUNPATH_SEARCH_PATHS = (
					"$(inherited)",
					"@executable_path/Frameworks",
					"@loader_path/Frameworks",
				);
				PRODUCT_BUNDLE_IDENTIFIER = com.lucaswkuipers.ExampleCoinListUITests;
				PRODUCT_NAME = "$(TARGET_NAME)";
				SWIFT_VERSION = 5.0;
				TARGETED_DEVICE_FAMILY = "1,2";
				TEST_TARGET_NAME = ExampleCoinList;
			};
			name = Debug;
		};
		9DE8861926290DEF00219846 /* Release */ = {
			isa = XCBuildConfiguration;
			baseConfigurationReference = 22FD7443A5C8D1556812826E /* Pods-ExampleCoinList-ExampleCoinListUITests.release.xcconfig */;
			buildSettings = {
				ALWAYS_EMBED_SWIFT_STANDARD_LIBRARIES = YES;
				CODE_SIGN_STYLE = Automatic;
				DEVELOPMENT_TEAM = AR7T5G5Z83;
				INFOPLIST_FILE = ExampleCoinListUITests/Info.plist;
				LD_RUNPATH_SEARCH_PATHS = (
					"$(inherited)",
					"@executable_path/Frameworks",
					"@loader_path/Frameworks",
				);
				PRODUCT_BUNDLE_IDENTIFIER = com.lucaswkuipers.ExampleCoinListUITests;
				PRODUCT_NAME = "$(TARGET_NAME)";
				SWIFT_VERSION = 5.0;
				TARGETED_DEVICE_FAMILY = "1,2";
				TEST_TARGET_NAME = ExampleCoinList;
			};
			name = Release;
		};
/* End XCBuildConfiguration section */

/* Begin XCConfigurationList section */
		9DE885DF26290DED00219846 /* Build configuration list for PBXProject "ExampleCoinList" */ = {
			isa = XCConfigurationList;
			buildConfigurations = (
				9DE8860F26290DEF00219846 /* Debug */,
				9DE8861026290DEF00219846 /* Release */,
			);
			defaultConfigurationIsVisible = 0;
			defaultConfigurationName = Release;
		};
		9DE8861126290DEF00219846 /* Build configuration list for PBXNativeTarget "ExampleCoinList" */ = {
			isa = XCConfigurationList;
			buildConfigurations = (
				9DE8861226290DEF00219846 /* Debug */,
				9DE8861326290DEF00219846 /* Release */,
			);
			defaultConfigurationIsVisible = 0;
			defaultConfigurationName = Release;
		};
		9DE8861426290DEF00219846 /* Build configuration list for PBXNativeTarget "ExampleCoinListTests" */ = {
			isa = XCConfigurationList;
			buildConfigurations = (
				9DE8861526290DEF00219846 /* Debug */,
				9DE8861626290DEF00219846 /* Release */,
			);
			defaultConfigurationIsVisible = 0;
			defaultConfigurationName = Release;
		};
		9DE8861726290DEF00219846 /* Build configuration list for PBXNativeTarget "ExampleCoinListUITests" */ = {
			isa = XCConfigurationList;
			buildConfigurations = (
				9DE8861826290DEF00219846 /* Debug */,
				9DE8861926290DEF00219846 /* Release */,
			);
			defaultConfigurationIsVisible = 0;
			defaultConfigurationName = Release;
		};
/* End XCConfigurationList section */

/* Begin XCVersionGroup section */
		9DE885F026290DED00219846 /* ExampleCoinList.xcdatamodeld */ = {
			isa = XCVersionGroup;
			children = (
				9DE885F126290DED00219846 /* ExampleCoinList.xcdatamodel */,
			);
			currentVersion = 9DE885F126290DED00219846 /* ExampleCoinList.xcdatamodel */;
			path = ExampleCoinList.xcdatamodeld;
			sourceTree = "<group>";
			versionGroupType = wrapper.xcdatamodel;
		};
/* End XCVersionGroup section */
	};
	rootObject = 9DE885DC26290DED00219846 /* Project object */;
}
